// !$*UTF8*$!
{
	archiveVersion = 1;
	classes = {
	};
	objectVersion = 46;
	objects = {

/* Begin PBXBuildFile section */
		C824CFA41AAC6A8F000C7C93 /* AppDelegate.swift in Sources */ = {isa = PBXBuildFile; fileRef = C824CFA31AAC6A8F000C7C93 /* AppDelegate.swift */; };
		C824CFA71AAC6A8F000C7C93 /* CoreData.xcdatamodeld in Sources */ = {isa = PBXBuildFile; fileRef = C824CFA51AAC6A8F000C7C93 /* CoreData.xcdatamodeld */; };
		C824CFA91AAC6A8F000C7C93 /* ViewController.swift in Sources */ = {isa = PBXBuildFile; fileRef = C824CFA81AAC6A8F000C7C93 /* ViewController.swift */; };
		C824CFAC1AAC6A8F000C7C93 /* Main.storyboard in Resources */ = {isa = PBXBuildFile; fileRef = C824CFAA1AAC6A8F000C7C93 /* Main.storyboard */; };
		C824CFAE1AAC6A8F000C7C93 /* Images.xcassets in Resources */ = {isa = PBXBuildFile; fileRef = C824CFAD1AAC6A8F000C7C93 /* Images.xcassets */; };
		C824CFB11AAC6A8F000C7C93 /* LaunchScreen.xib in Resources */ = {isa = PBXBuildFile; fileRef = C824CFAF1AAC6A8F000C7C93 /* LaunchScreen.xib */; };
		C824CFBD1AAC6A8F000C7C93 /* CoreDataTests.swift in Sources */ = {isa = PBXBuildFile; fileRef = C824CFBC1AAC6A8F000C7C93 /* CoreDataTests.swift */; };
		C824CFC71AAC6CE2000C7C93 /* Person.swift in Sources */ = {isa = PBXBuildFile; fileRef = C824CFC61AAC6CE2000C7C93 /* Person.swift */; };
		C824CFC91AAC722D000C7C93 /* Student.swift in Sources */ = {isa = PBXBuildFile; fileRef = C824CFC81AAC722D000C7C93 /* Student.swift */; };
/* End PBXBuildFile section */

/* Begin PBXContainerItemProxy section */
		C824CFB71AAC6A8F000C7C93 /* PBXContainerItemProxy */ = {
			isa = PBXContainerItemProxy;
			containerPortal = C824CF961AAC6A8E000C7C93 /* Project object */;
			proxyType = 1;
			remoteGlobalIDString = C824CF9D1AAC6A8F000C7C93;
			remoteInfo = CoreData;
		};
/* End PBXContainerItemProxy section */

/* Begin PBXFileReference section */
		C824CF9E1AAC6A8F000C7C93 /* CoreData.app */ = {isa = PBXFileReference; explicitFileType = wrapper.application; includeInIndex = 0; path = CoreData.app; sourceTree = BUILT_PRODUCTS_DIR; };
		C824CFA21AAC6A8F000C7C93 /* Info.plist */ = {isa = PBXFileReference; lastKnownFileType = text.plist.xml; path = Info.plist; sourceTree = "<group>"; };
		C824CFA31AAC6A8F000C7C93 /* AppDelegate.swift */ = {isa = PBXFileReference; lastKnownFileType = sourcecode.swift; path = AppDelegate.swift; sourceTree = "<group>"; };
		C824CFA61AAC6A8F000C7C93 /* CoreData.xcdatamodel */ = {isa = PBXFileReference; lastKnownFileType = wrapper.xcdatamodel; path = CoreData.xcdatamodel; sourceTree = "<group>"; };
		C824CFA81AAC6A8F000C7C93 /* ViewController.swift */ = {isa = PBXFileReference; lastKnownFileType = sourcecode.swift; path = ViewController.swift; sourceTree = "<group>"; };
		C824CFAB1AAC6A8F000C7C93 /* Base */ = {isa = PBXFileReference; lastKnownFileType = file.storyboard; name = Base; path = Base.lproj/Main.storyboard; sourceTree = "<group>"; };
		C824CFAD1AAC6A8F000C7C93 /* Images.xcassets */ = {isa = PBXFileReference; lastKnownFileType = folder.assetcatalog; path = Images.xcassets; sourceTree = "<group>"; };
		C824CFB01AAC6A8F000C7C93 /* Base */ = {isa = PBXFileReference; lastKnownFileType = file.xib; name = Base; path = Base.lproj/LaunchScreen.xib; sourceTree = "<group>"; };
		C824CFB61AAC6A8F000C7C93 /* CoreDataTests.xctest */ = {isa = PBXFileReference; explicitFileType = wrapper.cfbundle; includeInIndex = 0; path = CoreDataTests.xctest; sourceTree = BUILT_PRODUCTS_DIR; };
		C824CFBB1AAC6A8F000C7C93 /* Info.plist */ = {isa = PBXFileReference; lastKnownFileType = text.plist.xml; path = Info.plist; sourceTree = "<group>"; };
		C824CFBC1AAC6A8F000C7C93 /* CoreDataTests.swift */ = {isa = PBXFileReference; lastKnownFileType = sourcecode.swift; path = CoreDataTests.swift; sourceTree = "<group>"; };
		C824CFC61AAC6CE2000C7C93 /* Person.swift */ = {isa = PBXFileReference; fileEncoding = 4; lastKnownFileType = sourcecode.swift; path = Person.swift; sourceTree = "<group>"; };
		C824CFC81AAC722D000C7C93 /* Student.swift */ = {isa = PBXFileReference; fileEncoding = 4; lastKnownFileType = sourcecode.swift; path = Student.swift; sourceTree = "<group>"; };
/* End PBXFileReference section */

/* Begin PBXFrameworksBuildPhase section */
		C824CF9B1AAC6A8F000C7C93 /* Frameworks */ = {
			isa = PBXFrameworksBuildPhase;
			buildActionMask = 2147483647;
			files = (
			);
			runOnlyForDeploymentPostprocessing = 0;
		};
		C824CFB31AAC6A8F000C7C93 /* Frameworks */ = {
			isa = PBXFrameworksBuildPhase;
			buildActionMask = 2147483647;
			files = (
			);
			runOnlyForDeploymentPostprocessing = 0;
		};
/* End PBXFrameworksBuildPhase section */

/* Begin PBXGroup section */
		C824CF951AAC6A8E000C7C93 = {
			isa = PBXGroup;
			children = (
				C824CFA01AAC6A8F000C7C93 /* CoreData */,
				C824CFB91AAC6A8F000C7C93 /* CoreDataTests */,
				C824CF9F1AAC6A8F000C7C93 /* Products */,
			);
			sourceTree = "<group>";
		};
		C824CF9F1AAC6A8F000C7C93 /* Products */ = {
			isa = PBXGroup;
			children = (
				C824CF9E1AAC6A8F000C7C93 /* CoreData.app */,
				C824CFB61AAC6A8F000C7C93 /* CoreDataTests.xctest */,
			);
			name = Products;
			sourceTree = "<group>";
		};
		C824CFA01AAC6A8F000C7C93 /* CoreData */ = {
			isa = PBXGroup;
			children = (
				C824CFA31AAC6A8F000C7C93 /* AppDelegate.swift */,
				C824CFA81AAC6A8F000C7C93 /* ViewController.swift */,
				C824CFAA1AAC6A8F000C7C93 /* Main.storyboard */,
				C824CFAD1AAC6A8F000C7C93 /* Images.xcassets */,
				C824CFAF1AAC6A8F000C7C93 /* LaunchScreen.xib */,
				C824CFA51AAC6A8F000C7C93 /* CoreData.xcdatamodeld */,
				C824CFC81AAC722D000C7C93 /* Student.swift */,
				C824CFC61AAC6CE2000C7C93 /* Person.swift */,
				C824CFA11AAC6A8F000C7C93 /* Supporting Files */,
			);
			path = CoreData;
			sourceTree = "<group>";
		};
		C824CFA11AAC6A8F000C7C93 /* Supporting Files */ = {
			isa = PBXGroup;
			children = (
				C824CFA21AAC6A8F000C7C93 /* Info.plist */,
			);
			name = "Supporting Files";
			sourceTree = "<group>";
		};
		C824CFB91AAC6A8F000C7C93 /* CoreDataTests */ = {
			isa = PBXGroup;
			children = (
				C824CFBC1AAC6A8F000C7C93 /* CoreDataTests.swift */,
				C824CFBA1AAC6A8F000C7C93 /* Supporting Files */,
			);
			path = CoreDataTests;
			sourceTree = "<group>";
		};
		C824CFBA1AAC6A8F000C7C93 /* Supporting Files */ = {
			isa = PBXGroup;
			children = (
				C824CFBB1AAC6A8F000C7C93 /* Info.plist */,
			);
			name = "Supporting Files";
			sourceTree = "<group>";
		};
/* End PBXGroup section */

/* Begin PBXNativeTarget section */
		C824CF9D1AAC6A8F000C7C93 /* CoreData */ = {
			isa = PBXNativeTarget;
			buildConfigurationList = C824CFC01AAC6A8F000C7C93 /* Build configuration list for PBXNativeTarget "CoreData" */;
			buildPhases = (
				C824CF9A1AAC6A8F000C7C93 /* Sources */,
				C824CF9B1AAC6A8F000C7C93 /* Frameworks */,
				C824CF9C1AAC6A8F000C7C93 /* Resources */,
			);
			buildRules = (
			);
			dependencies = (
			);
			name = CoreData;
			productName = CoreData;
			productReference = C824CF9E1AAC6A8F000C7C93 /* CoreData.app */;
			productType = "com.apple.product-type.application";
		};
		C824CFB51AAC6A8F000C7C93 /* CoreDataTests */ = {
			isa = PBXNativeTarget;
			buildConfigurationList = C824CFC31AAC6A8F000C7C93 /* Build configuration list for PBXNativeTarget "CoreDataTests" */;
			buildPhases = (
				C824CFB21AAC6A8F000C7C93 /* Sources */,
				C824CFB31AAC6A8F000C7C93 /* Frameworks */,
				C824CFB41AAC6A8F000C7C93 /* Resources */,
			);
			buildRules = (
			);
			dependencies = (
				C824CFB81AAC6A8F000C7C93 /* PBXTargetDependency */,
			);
			name = CoreDataTests;
			productName = CoreDataTests;
			productReference = C824CFB61AAC6A8F000C7C93 /* CoreDataTests.xctest */;
			productType = "com.apple.product-type.bundle.unit-test";
		};
/* End PBXNativeTarget section */

/* Begin PBXProject section */
		C824CF961AAC6A8E000C7C93 /* Project object */ = {
			isa = PBXProject;
			attributes = {
				LastUpgradeCheck = 0610;
				ORGANIZATIONNAME = "Panaswift Teachers";
				TargetAttributes = {
					C824CF9D1AAC6A8F000C7C93 = {
						CreatedOnToolsVersion = 6.1.1;
					};
					C824CFB51AAC6A8F000C7C93 = {
						CreatedOnToolsVersion = 6.1.1;
						TestTargetID = C824CF9D1AAC6A8F000C7C93;
					};
				};
			};
			buildConfigurationList = C824CF991AAC6A8E000C7C93 /* Build configuration list for PBXProject "CoreData" */;
			compatibilityVersion = "Xcode 3.2";
			developmentRegion = English;
			hasScannedForEncodings = 0;
			knownRegions = (
				en,
				Base,
			);
			mainGroup = C824CF951AAC6A8E000C7C93;
			productRefGroup = C824CF9F1AAC6A8F000C7C93 /* Products */;
			projectDirPath = "";
			projectRoot = "";
			targets = (
				C824CF9D1AAC6A8F000C7C93 /* CoreData */,
				C824CFB51AAC6A8F000C7C93 /* CoreDataTests */,
			);
		};
/* End PBXProject section */

/* Begin PBXResourcesBuildPhase section */
		C824CF9C1AAC6A8F000C7C93 /* Resources */ = {
			isa = PBXResourcesBuildPhase;
			buildActionMask = 2147483647;
			files = (
				C824CFAC1AAC6A8F000C7C93 /* Main.storyboard in Resources */,
				C824CFB11AAC6A8F000C7C93 /* LaunchScreen.xib in Resources */,
				C824CFAE1AAC6A8F000C7C93 /* Images.xcassets in Resources */,
			);
			runOnlyForDeploymentPostprocessing = 0;
		};
		C824CFB41AAC6A8F000C7C93 /* Resources */ = {
			isa = PBXResourcesBuildPhase;
			buildActionMask = 2147483647;
			files = (
			);
			runOnlyForDeploymentPostprocessing = 0;
		};
/* End PBXResourcesBuildPhase section */

/* Begin PBXSourcesBuildPhase section */
		C824CF9A1AAC6A8F000C7C93 /* Sources */ = {
			isa = PBXSourcesBuildPhase;
			buildActionMask = 2147483647;
			files = (
				C824CFA91AAC6A8F000C7C93 /* ViewController.swift in Sources */,
				C824CFA71AAC6A8F000C7C93 /* CoreData.xcdatamodeld in Sources */,
				C824CFC71AAC6CE2000C7C93 /* Person.swift in Sources */,
				C824CFC91AAC722D000C7C93 /* Student.swift in Sources */,
				C824CFA41AAC6A8F000C7C93 /* AppDelegate.swift in Sources */,
			);
			runOnlyForDeploymentPostprocessing = 0;
		};
		C824CFB21AAC6A8F000C7C93 /* Sources */ = {
			isa = PBXSourcesBuildPhase;
			buildActionMask = 2147483647;
			files = (
				C824CFBD1AAC6A8F000C7C93 /* CoreDataTests.swift in Sources */,
			);
			runOnlyForDeploymentPostprocessing = 0;
		};
/* End PBXSourcesBuildPhase section */

/* Begin PBXTargetDependency section */
		C824CFB81AAC6A8F000C7C93 /* PBXTargetDependency */ = {
			isa = PBXTargetDependency;
			target = C824CF9D1AAC6A8F000C7C93 /* CoreData */;
			targetProxy = C824CFB71AAC6A8F000C7C93 /* PBXContainerItemProxy */;
		};
/* End PBXTargetDependency section */

/* Begin PBXVariantGroup section */
		C824CFAA1AAC6A8F000C7C93 /* Main.storyboard */ = {
			isa = PBXVariantGroup;
			children = (
				C824CFAB1AAC6A8F000C7C93 /* Base */,
			);
			name = Main.storyboard;
			sourceTree = "<group>";
		};
		C824CFAF1AAC6A8F000C7C93 /* LaunchScreen.xib */ = {
			isa = PBXVariantGroup;
			children = (
				C824CFB01AAC6A8F000C7C93 /* Base */,
			);
			name = LaunchScreen.xib;
			sourceTree = "<group>";
		};
/* End PBXVariantGroup section */

/* Begin XCBuildConfiguration section */
		C824CFBE1AAC6A8F000C7C93 /* Debug */ = {
			isa = XCBuildConfiguration;
			buildSettings = {
				ALWAYS_SEARCH_USER_PATHS = NO;
				CLANG_CXX_LANGUAGE_STANDARD = "gnu++0x";
				CLANG_CXX_LIBRARY = "libc++";
				CLANG_ENABLE_MODULES = YES;
				CLANG_ENABLE_OBJC_ARC = YES;
				CLANG_WARN_BOOL_CONVERSION = YES;
				CLANG_WARN_CONSTANT_CONVERSION = YES;
				CLANG_WARN_DIRECT_OBJC_ISA_USAGE = YES_ERROR;
				CLANG_WARN_EMPTY_BODY = YES;
				CLANG_WARN_ENUM_CONVERSION = YES;
				CLANG_WARN_INT_CONVERSION = YES;
				CLANG_WARN_OBJC_ROOT_CLASS = YES_ERROR;
				CLANG_WARN_UNREACHABLE_CODE = YES;
				CLANG_WARN__DUPLICATE_METHOD_MATCH = YES;
				"CODE_SIGN_IDENTITY[sdk=iphoneos*]" = "iPhone Developer";
				COPY_PHASE_STRIP = NO;
				ENABLE_STRICT_OBJC_MSGSEND = YES;
				GCC_C_LANGUAGE_STANDARD = gnu99;
				GCC_DYNAMIC_NO_PIC = NO;
				GCC_OPTIMIZATION_LEVEL = 0;
				GCC_PREPROCESSOR_DEFINITIONS = (
					"DEBUG=1",
					"$(inherited)",
				);
				GCC_SYMBOLS_PRIVATE_EXTERN = NO;
				GCC_WARN_64_TO_32_BIT_CONVERSION = YES;
				GCC_WARN_ABOUT_RETURN_TYPE = YES_ERROR;
				GCC_WARN_UNDECLARED_SELECTOR = YES;
				GCC_WARN_UNINITIALIZED_AUTOS = YES_AGGRESSIVE;
				GCC_WARN_UNUSED_FUNCTION = YES;
				GCC_WARN_UNUSED_VARIABLE = YES;
				IPHONEOS_DEPLOYMENT_TARGET = 8.1;
				MTL_ENABLE_DEBUG_INFO = YES;
				ONLY_ACTIVE_ARCH = YES;
				SDKROOT = iphoneos;
				SWIFT_OPTIMIZATION_LEVEL = "-Onone";
			};
			name = Debug;
		};
		C824CFBF1AAC6A8F000C7C93 /* Release */ = {
			isa = XCBuildConfiguration;
			buildSettings = {
				ALWAYS_SEARCH_USER_PATHS = NO;
				CLANG_CXX_LANGUAGE_STANDARD = "gnu++0x";
				CLANG_CXX_LIBRARY = "libc++";
				CLANG_ENABLE_MODULES = YES;
				CLANG_ENABLE_OBJC_ARC = YES;
				CLANG_WARN_BOOL_CONVERSION = YES;
				CLANG_WARN_CONSTANT_CONVERSION = YES;
				CLANG_WARN_DIRECT_OBJC_ISA_USAGE = YES_ERROR;
				CLANG_WARN_EMPTY_BODY = YES;
				CLANG_WARN_ENUM_CONVERSION = YES;
				CLANG_WARN_INT_CONVERSION = YES;
				CLANG_WARN_OBJC_ROOT_CLASS = YES_ERROR;
				CLANG_WARN_UNREACHABLE_CODE = YES;
				CLANG_WARN__DUPLICATE_METHOD_MATCH = YES;
				"CODE_SIGN_IDENTITY[sdk=iphoneos*]" = "iPhone Developer";
				COPY_PHASE_STRIP = YES;
				ENABLE_NS_ASSERTIONS = NO;
				ENABLE_STRICT_OBJC_MSGSEND = YES;
				GCC_C_LANGUAGE_STANDARD = gnu99;
				GCC_WARN_64_TO_32_BIT_CONVERSION = YES;
				GCC_WARN_ABOUT_RETURN_TYPE = YES_ERROR;
				GCC_WARN_UNDECLARED_SELECTOR = YES;
				GCC_WARN_UNINITIALIZED_AUTOS = YES_AGGRESSIVE;
				GCC_WARN_UNUSED_FUNCTION = YES;
				GCC_WARN_UNUSED_VARIABLE = YES;
				IPHONEOS_DEPLOYMENT_TARGET = 8.1;
				MTL_ENABLE_DEBUG_INFO = NO;
				SDKROOT = iphoneos;
				VALIDATE_PRODUCT = YES;
			};
			name = Release;
		};
		C824CFC11AAC6A8F000C7C93 /* Debug */ = {
			isa = XCBuildConfiguration;
			buildSettings = {
				ASSETCATALOG_COMPILER_APPICON_NAME = AppIcon;
				INFOPLIST_FILE = CoreData/Info.plist;
				LD_RUNPATH_SEARCH_PATHS = "$(inherited) @executable_path/Frameworks";
				PRODUCT_NAME = "$(TARGET_NAME)";
			};
			name = Debug;
		};
		C824CFC21AAC6A8F000C7C93 /* Release */ = {
			isa = XCBuildConfiguration;
			buildSettings = {
				ASSETCATALOG_COMPILER_APPICON_NAME = AppIcon;
				INFOPLIST_FILE = CoreData/Info.plist;
				LD_RUNPATH_SEARCH_PATHS = "$(inherited) @executable_path/Frameworks";
				PRODUCT_NAME = "$(TARGET_NAME)";
			};
			name = Release;
		};
		C824CFC41AAC6A8F000C7C93 /* Debug */ = {
			isa = XCBuildConfiguration;
			buildSettings = {
				BUNDLE_LOADER = "$(TEST_HOST)";
				FRAMEWORK_SEARCH_PATHS = (
					"$(SDKROOT)/Developer/Library/Frameworks",
					"$(inherited)",
				);
				GCC_PREPROCESSOR_DEFINITIONS = (
					"DEBUG=1",
					"$(inherited)",
				);
				INFOPLIST_FILE = CoreDataTests/Info.plist;
				LD_RUNPATH_SEARCH_PATHS = "$(inherited) @executable_path/Frameworks @loader_path/Frameworks";
				PRODUCT_NAME = "$(TARGET_NAME)";
				TEST_HOST = "$(BUILT_PRODUCTS_DIR)/CoreData.app/CoreData";
			};
			name = Debug;
		};
		C824CFC51AAC6A8F000C7C93 /* Release */ = {
			isa = XCBuildConfiguration;
			buildSettings = {
				BUNDLE_LOADER = "$(TEST_HOST)";
				FRAMEWORK_SEARCH_PATHS = (
					"$(SDKROOT)/Developer/Library/Frameworks",
					"$(inherited)",
				);
				INFOPLIST_FILE = CoreDataTests/Info.plist;
				LD_RUNPATH_SEARCH_PATHS = "$(inherited) @executable_path/Frameworks @loader_path/Frameworks";
				PRODUCT_NAME = "$(TARGET_NAME)";
				TEST_HOST = "$(BUILT_PRODUCTS_DIR)/CoreData.app/CoreData";
			};
			name = Release;
		};
/* End XCBuildConfiguration section */

/* Begin XCConfigurationList section */
		C824CF991AAC6A8E000C7C93 /* Build configuration list for PBXProject "CoreData" */ = {
			isa = XCConfigurationList;
			buildConfigurations = (
				C824CFBE1AAC6A8F000C7C93 /* Debug */,
				C824CFBF1AAC6A8F000C7C93 /* Release */,
			);
			defaultConfigurationIsVisible = 0;
			defaultConfigurationName = Release;
		};
		C824CFC01AAC6A8F000C7C93 /* Build configuration list for PBXNativeTarget "CoreData" */ = {
			isa = XCConfigurationList;
			buildConfigurations = (
				C824CFC11AAC6A8F000C7C93 /* Debug */,
				C824CFC21AAC6A8F000C7C93 /* Release */,
			);
			defaultConfigurationIsVisible = 0;
		};
		C824CFC31AAC6A8F000C7C93 /* Build configuration list for PBXNativeTarget "CoreDataTests" */ = {
			isa = XCConfigurationList;
			buildConfigurations = (
				C824CFC41AAC6A8F000C7C93 /* Debug */,
				C824CFC51AAC6A8F000C7C93 /* Release */,
			);
			defaultConfigurationIsVisible = 0;
		};
/* End XCConfigurationList section */

/* Begin XCVersionGroup section */
		C824CFA51AAC6A8F000C7C93 /* CoreData.xcdatamodeld */ = {
			isa = XCVersionGroup;
			children = (
				C824CFA61AAC6A8F000C7C93 /* CoreData.xcdatamodel */,
			);
			currentVersion = C824CFA61AAC6A8F000C7C93 /* CoreData.xcdatamodel */;
			path = CoreData.xcdatamodeld;
			sourceTree = "<group>";
			versionGroupType = wrapper.xcdatamodel;
		};
/* End XCVersionGroup section */
	};
	rootObject = C824CF961AAC6A8E000C7C93 /* Project object */;
}
